
Microsoft Visual Studio Solution File, Format Version 12.00
# Visual Studio Version 16
VisualStudioVersion = 16.0.31410.357
MinimumVisualStudioVersion = 10.0.40219.1
Project("{FAE04EC0-301F-11D3-BF4B-00C04F79EFBC}") = "todoplanner", "todoplanner\todoplanner.csproj", "{7C4C5D7D-DE17-4550-9D22-3200C5ABABCA}"
EndProject
Global
	GlobalSection(SolutionConfigurationPlatforms) = preSolution
		Debug|Any CPU = Debug|Any CPU
		Release|Any CPU = Release|Any CPU
	EndGlobalSection
	GlobalSection(ProjectConfigurationPlatforms) = postSolution
		{7C4C5D7D-DE17-4550-9D22-3200C5ABABCA}.Debug|Any CPU.ActiveCfg = Debug|Any CPU
		{7C4C5D7D-DE17-4550-9D22-3200C5ABABCA}.Debug|Any CPU.Build.0 = Debug|Any CPU
		{7C4C5D7D-DE17-4550-9D22-3200C5ABABCA}.Release|Any CPU.ActiveCfg = Release|Any CPU
		{7C4C5D7D-DE17-4550-9D22-3200C5ABABCA}.Release|Any CPU.Build.0 = Release|Any CPU
	EndGlobalSection
	GlobalSection(SolutionProperties) = preSolution
		HideSolutionNode = FALSE
	EndGlobalSection
	GlobalSection(ExtensibilityGlobals) = postSolution
		SolutionGuid = {51875AD5-C484-4C36-BD54-8DD1F30F497A}
	EndGlobalSection
EndGlobal
